// !$*UTF8*$!
{
	archiveVersion = 1;
	classes = {
	};
	objectVersion = 46;
	objects = {

/* Begin PBXBuildFile section */
		CD0CB8B51D06FDC400A94919 /* main.m in Sources */ = {isa = PBXBuildFile; fileRef = CD0CB8B41D06FDC400A94919 /* main.m */; };
		CD0CB8B81D06FDC400A94919 /* AppDelegate.m in Sources */ = {isa = PBXBuildFile; fileRef = CD0CB8B71D06FDC400A94919 /* AppDelegate.m */; };
		CD0CB8BB1D06FDC400A94919 /* ViewController.m in Sources */ = {isa = PBXBuildFile; fileRef = CD0CB8BA1D06FDC400A94919 /* ViewController.m */; };
		CD0CB8BE1D06FDC400A94919 /* Main.storyboard in Resources */ = {isa = PBXBuildFile; fileRef = CD0CB8BC1D06FDC400A94919 /* Main.storyboard */; };
		CD0CB8C01D06FDC400A94919 /* Assets.xcassets in Resources */ = {isa = PBXBuildFile; fileRef = CD0CB8BF1D06FDC400A94919 /* Assets.xcassets */; };
		CD0CB8C31D06FDC400A94919 /* LaunchScreen.storyboard in Resources */ = {isa = PBXBuildFile; fileRef = CD0CB8C11D06FDC400A94919 /* LaunchScreen.storyboard */; };
		CD0CB8CE1D06FDC400A94919 /* ____DemoTests.m in Sources */ = {isa = PBXBuildFile; fileRef = CD0CB8CD1D06FDC400A94919 /* ____DemoTests.m */; };
		CD0CB8D91D06FDC400A94919 /* ____DemoUITests.m in Sources */ = {isa = PBXBuildFile; fileRef = CD0CB8D81D06FDC400A94919 /* ____DemoUITests.m */; };
/* End PBXBuildFile section */

/* Begin PBXContainerItemProxy section */
		CD0CB8CA1D06FDC400A94919 /* PBXContainerItemProxy */ = {
			isa = PBXContainerItemProxy;
			containerPortal = CD0CB8A81D06FDC400A94919 /* Project object */;
			proxyType = 1;
			remoteGlobalIDString = CD0CB8AF1D06FDC400A94919;
			remoteInfo = "照片浏览Demo";
		};
		CD0CB8D51D06FDC400A94919 /* PBXContainerItemProxy */ = {
			isa = PBXContainerItemProxy;
			containerPortal = CD0CB8A81D06FDC400A94919 /* Project object */;
			proxyType = 1;
			remoteGlobalIDString = CD0CB8AF1D06FDC400A94919;
			remoteInfo = "照片浏览Demo";
		};
/* End PBXContainerItemProxy section */

/* Begin PBXFileReference section */
		CD0CB8B01D06FDC400A94919 /* 照片浏览Demo.app */ = {isa = PBXFileReference; explicitFileType = wrapper.application; includeInIndex = 0; path = "照片浏览Demo.app"; sourceTree = BUILT_PRODUCTS_DIR; };
		CD0CB8B41D06FDC400A94919 /* main.m */ = {isa = PBXFileReference; lastKnownFileType = sourcecode.c.objc; path = main.m; sourceTree = "<group>"; };
		CD0CB8B61D06FDC400A94919 /* AppDelegate.h */ = {isa = PBXFileReference; lastKnownFileType = sourcecode.c.h; path = AppDelegate.h; sourceTree = "<group>"; };
		CD0CB8B71D06FDC400A94919 /* AppDelegate.m */ = {isa = PBXFileReference; lastKnownFileType = sourcecode.c.objc; path = AppDelegate.m; sourceTree = "<group>"; };
		CD0CB8B91D06FDC400A94919 /* ViewController.h */ = {isa = PBXFileReference; lastKnownFileType = sourcecode.c.h; path = ViewController.h; sourceTree = "<group>"; };
		CD0CB8BA1D06FDC400A94919 /* ViewController.m */ = {isa = PBXFileReference; lastKnownFileType = sourcecode.c.objc; path = ViewController.m; sourceTree = "<group>"; };
		CD0CB8BD1D06FDC400A94919 /* Base */ = {isa = PBXFileReference; lastKnownFileType = file.storyboard; name = Base; path = Base.lproj/Main.storyboard; sourceTree = "<group>"; };
		CD0CB8BF1D06FDC400A94919 /* Assets.xcassets */ = {isa = PBXFileReference; lastKnownFileType = folder.assetcatalog; path = Assets.xcassets; sourceTree = "<group>"; };
		CD0CB8C21D06FDC400A94919 /* Base */ = {isa = PBXFileReference; lastKnownFileType = file.storyboard; name = Base; path = Base.lproj/LaunchScreen.storyboard; sourceTree = "<group>"; };
		CD0CB8C41D06FDC400A94919 /* Info.plist */ = {isa = PBXFileReference; lastKnownFileType = text.plist.xml; path = Info.plist; sourceTree = "<group>"; };
		CD0CB8C91D06FDC400A94919 /* 照片浏览DemoTests.xctest */ = {isa = PBXFileReference; explicitFileType = wrapper.cfbundle; includeInIndex = 0; path = "照片浏览DemoTests.xctest"; sourceTree = BUILT_PRODUCTS_DIR; };
		CD0CB8CD1D06FDC400A94919 /* ____DemoTests.m */ = {isa = PBXFileReference; lastKnownFileType = sourcecode.c.objc; path = "____DemoTests.m"; sourceTree = "<group>"; };
		CD0CB8CF1D06FDC400A94919 /* Info.plist */ = {isa = PBXFileReference; lastKnownFileType = text.plist.xml; path = Info.plist; sourceTree = "<group>"; };
		CD0CB8D41D06FDC400A94919 /* 照片浏览DemoUITests.xctest */ = {isa = PBXFileReference; explicitFileType = wrapper.cfbundle; includeInIndex = 0; path = "照片浏览DemoUITests.xctest"; sourceTree = BUILT_PRODUCTS_DIR; };
		CD0CB8D81D06FDC400A94919 /* ____DemoUITests.m */ = {isa = PBXFileReference; lastKnownFileType = sourcecode.c.objc; path = "____DemoUITests.m"; sourceTree = "<group>"; };
		CD0CB8DA1D06FDC400A94919 /* Info.plist */ = {isa = PBXFileReference; lastKnownFileType = text.plist.xml; path = Info.plist; sourceTree = "<group>"; };
/* End PBXFileReference section */

/* Begin PBXFrameworksBuildPhase section */
		CD0CB8AD1D06FDC400A94919 /* Frameworks */ = {
			isa = PBXFrameworksBuildPhase;
			buildActionMask = 2147483647;
			files = (
			);
			runOnlyForDeploymentPostprocessing = 0;
		};
		CD0CB8C61D06FDC400A94919 /* Frameworks */ = {
			isa = PBXFrameworksBuildPhase;
			buildActionMask = 2147483647;
			files = (
			);
			runOnlyForDeploymentPostprocessing = 0;
		};
		CD0CB8D11D06FDC400A94919 /* Frameworks */ = {
			isa = PBXFrameworksBuildPhase;
			buildActionMask = 2147483647;
			files = (
			);
			runOnlyForDeploymentPostprocessing = 0;
		};
/* End PBXFrameworksBuildPhase section */

/* Begin PBXGroup section */
		CD0CB8A71D06FDC400A94919 = {
			isa = PBXGroup;
			children = (
				CD0CB8B21D06FDC400A94919 /* 照片浏览Demo */,
				CD0CB8CC1D06FDC400A94919 /* 照片浏览DemoTests */,
				CD0CB8D71D06FDC400A94919 /* 照片浏览DemoUITests */,
				CD0CB8B11D06FDC400A94919 /* Products */,
			);
			sourceTree = "<group>";
		};
		CD0CB8B11D06FDC400A94919 /* Products */ = {
			isa = PBXGroup;
			children = (
				CD0CB8B01D06FDC400A94919 /* 照片浏览Demo.app */,
				CD0CB8C91D06FDC400A94919 /* 照片浏览DemoTests.xctest */,
				CD0CB8D41D06FDC400A94919 /* 照片浏览DemoUITests.xctest */,
			);
			name = Products;
			sourceTree = "<group>";
		};
		CD0CB8B21D06FDC400A94919 /* 照片浏览Demo */ = {
			isa = PBXGroup;
			children = (
				CD0CB8B61D06FDC400A94919 /* AppDelegate.h */,
				CD0CB8B71D06FDC400A94919 /* AppDelegate.m */,
				CD0CB8B91D06FDC400A94919 /* ViewController.h */,
				CD0CB8BA1D06FDC400A94919 /* ViewController.m */,
				CD0CB8BC1D06FDC400A94919 /* Main.storyboard */,
				CD0CB8BF1D06FDC400A94919 /* Assets.xcassets */,
				CD0CB8C11D06FDC400A94919 /* LaunchScreen.storyboard */,
				CD0CB8C41D06FDC400A94919 /* Info.plist */,
				CD0CB8B31D06FDC400A94919 /* Supporting Files */,
			);
			path = "照片浏览Demo";
			sourceTree = "<group>";
		};
		CD0CB8B31D06FDC400A94919 /* Supporting Files */ = {
			isa = PBXGroup;
			children = (
				CD0CB8B41D06FDC400A94919 /* main.m */,
			);
			name = "Supporting Files";
			sourceTree = "<group>";
		};
		CD0CB8CC1D06FDC400A94919 /* 照片浏览DemoTests */ = {
			isa = PBXGroup;
			children = (
				CD0CB8CD1D06FDC400A94919 /* ____DemoTests.m */,
				CD0CB8CF1D06FDC400A94919 /* Info.plist */,
			);
			path = "照片浏览DemoTests";
			sourceTree = "<group>";
		};
		CD0CB8D71D06FDC400A94919 /* 照片浏览DemoUITests */ = {
			isa = PBXGroup;
			children = (
				CD0CB8D81D06FDC400A94919 /* ____DemoUITests.m */,
				CD0CB8DA1D06FDC400A94919 /* Info.plist */,
			);
			path = "照片浏览DemoUITests";
			sourceTree = "<group>";
		};
/* End PBXGroup section */

/* Begin PBXNativeTarget section */
		CD0CB8AF1D06FDC400A94919 /* 照片浏览Demo */ = {
			isa = PBXNativeTarget;
			buildConfigurationList = CD0CB8DD1D06FDC400A94919 /* Build configuration list for PBXNativeTarget "照片浏览Demo" */;
			buildPhases = (
				CD0CB8AC1D06FDC400A94919 /* Sources */,
				CD0CB8AD1D06FDC400A94919 /* Frameworks */,
				CD0CB8AE1D06FDC400A94919 /* Resources */,
			);
			buildRules = (
			);
			dependencies = (
			);
			name = "照片浏览Demo";
			productName = "照片浏览Demo";
			productReference = CD0CB8B01D06FDC400A94919 /* 照片浏览Demo.app */;
			productType = "com.apple.product-type.application";
		};
		CD0CB8C81D06FDC400A94919 /* 照片浏览DemoTests */ = {
			isa = PBXNativeTarget;
			buildConfigurationList = CD0CB8E01D06FDC400A94919 /* Build configuration list for PBXNativeTarget "照片浏览DemoTests" */;
			buildPhases = (
				CD0CB8C51D06FDC400A94919 /* Sources */,
				CD0CB8C61D06FDC400A94919 /* Frameworks */,
				CD0CB8C71D06FDC400A94919 /* Resources */,
			);
			buildRules = (
			);
			dependencies = (
				CD0CB8CB1D06FDC400A94919 /* PBXTargetDependency */,
			);
			name = "照片浏览DemoTests";
			productName = "照片浏览DemoTests";
			productReference = CD0CB8C91D06FDC400A94919 /* 照片浏览DemoTests.xctest */;
			productType = "com.apple.product-type.bundle.unit-test";
		};
		CD0CB8D31D06FDC400A94919 /* 照片浏览DemoUITests */ = {
			isa = PBXNativeTarget;
			buildConfigurationList = CD0CB8E31D06FDC400A94919 /* Build configuration list for PBXNativeTarget "照片浏览DemoUITests" */;
			buildPhases = (
				CD0CB8D01D06FDC400A94919 /* Sources */,
				CD0CB8D11D06FDC400A94919 /* Frameworks */,
				CD0CB8D21D06FDC400A94919 /* Resources */,
			);
			buildRules = (
			);
			dependencies = (
				CD0CB8D61D06FDC400A94919 /* PBXTargetDependency */,
			);
			name = "照片浏览DemoUITests";
			productName = "照片浏览DemoUITests";
			productReference = CD0CB8D41D06FDC400A94919 /* 照片浏览DemoUITests.xctest */;
			productType = "com.apple.product-type.bundle.ui-testing";
		};
/* End PBXNativeTarget section */

/* Begin PBXProject section */
		CD0CB8A81D06FDC400A94919 /* Project object */ = {
			isa = PBXProject;
			attributes = {
				LastUpgradeCheck = 0730;
				ORGANIZATIONNAME = "赵群涛";
				TargetAttributes = {
					CD0CB8AF1D06FDC400A94919 = {
						CreatedOnToolsVersion = 7.3.1;
					};
					CD0CB8C81D06FDC400A94919 = {
						CreatedOnToolsVersion = 7.3.1;
						TestTargetID = CD0CB8AF1D06FDC400A94919;
					};
					CD0CB8D31D06FDC400A94919 = {
						CreatedOnToolsVersion = 7.3.1;
						TestTargetID = CD0CB8AF1D06FDC400A94919;
					};
				};
			};
			buildConfigurationList = CD0CB8AB1D06FDC400A94919 /* Build configuration list for PBXProject "照片浏览Demo" */;
			compatibilityVersion = "Xcode 3.2";
			developmentRegion = English;
			hasScannedForEncodings = 0;
			knownRegions = (
				en,
				Base,
			);
			mainGroup = CD0CB8A71D06FDC400A94919;
			productRefGroup = CD0CB8B11D06FDC400A94919 /* Products */;
			projectDirPath = "";
			projectRoot = "";
			targets = (
				CD0CB8AF1D06FDC400A94919 /* 照片浏览Demo */,
				CD0CB8C81D06FDC400A94919 /* 照片浏览DemoTests */,
				CD0CB8D31D06FDC400A94919 /* 照片浏览DemoUITests */,
			);
		};
/* End PBXProject section */

/* Begin PBXResourcesBuildPhase section */
		CD0CB8AE1D06FDC400A94919 /* Resources */ = {
			isa = PBXResourcesBuildPhase;
			buildActionMask = 2147483647;
			files = (
				CD0CB8C31D06FDC400A94919 /* LaunchScreen.storyboard in Resources */,
				CD0CB8C01D06FDC400A94919 /* Assets.xcassets in Resources */,
				CD0CB8BE1D06FDC400A94919 /* Main.storyboard in Resources */,
			);
			runOnlyForDeploymentPostprocessing = 0;
		};
		CD0CB8C71D06FDC400A94919 /* Resources */ = {
			isa = PBXResourcesBuildPhase;
			buildActionMask = 2147483647;
			files = (
			);
			runOnlyForDeploymentPostprocessing = 0;
		};
		CD0CB8D21D06FDC400A94919 /* Resources */ = {
			isa = PBXResourcesBuildPhase;
			buildActionMask = 2147483647;
			files = (
			);
			runOnlyForDeploymentPostprocessing = 0;
		};
/* End PBXResourcesBuildPhase section */

/* Begin PBXSourcesBuildPhase section */
		CD0CB8AC1D06FDC400A94919 /* Sources */ = {
			isa = PBXSourcesBuildPhase;
			buildActionMask = 2147483647;
			files = (
				CD0CB8BB1D06FDC400A94919 /* ViewController.m in Sources */,
				CD0CB8B81D06FDC400A94919 /* AppDelegate.m in Sources */,
				CD0CB8B51D06FDC400A94919 /* main.m in Sources */,
			);
			runOnlyForDeploymentPostprocessing = 0;
		};
		CD0CB8C51D06FDC400A94919 /* Sources */ = {
			isa = PBXSourcesBuildPhase;
			buildActionMask = 2147483647;
			files = (
				CD0CB8CE1D06FDC400A94919 /* ____DemoTests.m in Sources */,
			);
			runOnlyForDeploymentPostprocessing = 0;
		};
		CD0CB8D01D06FDC400A94919 /* Sources */ = {
			isa = PBXSourcesBuildPhase;
			buildActionMask = 2147483647;
			files = (
				CD0CB8D91D06FDC400A94919 /* ____DemoUITests.m in Sources */,
			);
			runOnlyForDeploymentPostprocessing = 0;
		};
/* End PBXSourcesBuildPhase section */

/* Begin PBXTargetDependency section */
		CD0CB8CB1D06FDC400A94919 /* PBXTargetDependency */ = {
			isa = PBXTargetDependency;
			target = CD0CB8AF1D06FDC400A94919 /* 照片浏览Demo */;
			targetProxy = CD0CB8CA1D06FDC400A94919 /* PBXContainerItemProxy */;
		};
		CD0CB8D61D06FDC400A94919 /* PBXTargetDependency */ = {
			isa = PBXTargetDependency;
			target = CD0CB8AF1D06FDC400A94919 /* 照片浏览Demo */;
			targetProxy = CD0CB8D51D06FDC400A94919 /* PBXContainerItemProxy */;
		};
/* End PBXTargetDependency section */

/* Begin PBXVariantGroup section */
		CD0CB8BC1D06FDC400A94919 /* Main.storyboard */ = {
			isa = PBXVariantGroup;
			children = (
				CD0CB8BD1D06FDC400A94919 /* Base */,
			);
			name = Main.storyboard;
			sourceTree = "<group>";
		};
		CD0CB8C11D06FDC400A94919 /* LaunchScreen.storyboard */ = {
			isa = PBXVariantGroup;
			children = (
				CD0CB8C21D06FDC400A94919 /* Base */,
			);
			name = LaunchScreen.storyboard;
			sourceTree = "<group>";
		};
/* End PBXVariantGroup section */

/* Begin XCBuildConfiguration section */
		CD0CB8DB1D06FDC400A94919 /* Debug */ = {
			isa = XCBuildConfiguration;
			buildSettings = {
				ALWAYS_SEARCH_USER_PATHS = NO;
				CLANG_ANALYZER_NONNULL = YES;
				CLANG_CXX_LANGUAGE_STANDARD = "gnu++0x";
				CLANG_CXX_LIBRARY = "libc++";
				CLANG_ENABLE_MODULES = YES;
				CLANG_ENABLE_OBJC_ARC = YES;
				CLANG_WARN_BOOL_CONVERSION = YES;
				CLANG_WARN_CONSTANT_CONVERSION = YES;
				CLANG_WARN_DIRECT_OBJC_ISA_USAGE = YES_ERROR;
				CLANG_WARN_EMPTY_BODY = YES;
				CLANG_WARN_ENUM_CONVERSION = YES;
				CLANG_WARN_INT_CONVERSION = YES;
				CLANG_WARN_OBJC_ROOT_CLASS = YES_ERROR;
				CLANG_WARN_UNREACHABLE_CODE = YES;
				CLANG_WARN__DUPLICATE_METHOD_MATCH = YES;
				"CODE_SIGN_IDENTITY[sdk=iphoneos*]" = "iPhone Developer";
				COPY_PHASE_STRIP = NO;
				DEBUG_INFORMATION_FORMAT = dwarf;
				ENABLE_STRICT_OBJC_MSGSEND = YES;
				ENABLE_TESTABILITY = YES;
				GCC_C_LANGUAGE_STANDARD = gnu99;
				GCC_DYNAMIC_NO_PIC = NO;
				GCC_NO_COMMON_BLOCKS = YES;
				GCC_OPTIMIZATION_LEVEL = 0;
				GCC_PREPROCESSOR_DEFINITIONS = (
					"DEBUG=1",
					"$(inherited)",
				);
				GCC_WARN_64_TO_32_BIT_CONVERSION = YES;
				GCC_WARN_ABOUT_RETURN_TYPE = YES_ERROR;
				GCC_WARN_UNDECLARED_SELECTOR = YES;
				GCC_WARN_UNINITIALIZED_AUTOS = YES_AGGRESSIVE;
				GCC_WARN_UNUSED_FUNCTION = YES;
				GCC_WARN_UNUSED_VARIABLE = YES;
				IPHONEOS_DEPLOYMENT_TARGET = 9.3;
				MTL_ENABLE_DEBUG_INFO = YES;
				ONLY_ACTIVE_ARCH = YES;
				SDKROOT = iphoneos;
				TARGETED_DEVICE_FAMILY = "1,2";
			};
			name = Debug;
		};
		CD0CB8DC1D06FDC400A94919 /* Release */ = {
			isa = XCBuildConfiguration;
			buildSettings = {
				ALWAYS_SEARCH_USER_PATHS = NO;
				CLANG_ANALYZER_NONNULL = YES;
				CLANG_CXX_LANGUAGE_STANDARD = "gnu++0x";
				CLANG_CXX_LIBRARY = "libc++";
				CLANG_ENABLE_MODULES = YES;
				CLANG_ENABLE_OBJC_ARC = YES;
				CLANG_WARN_BOOL_CONVERSION = YES;
				CLANG_WARN_CONSTANT_CONVERSION = YES;
				CLANG_WARN_DIRECT_OBJC_ISA_USAGE = YES_ERROR;
				CLANG_WARN_EMPTY_BODY = YES;
				CLANG_WARN_ENUM_CONVERSION = YES;
				CLANG_WARN_INT_CONVERSION = YES;
				CLANG_WARN_OBJC_ROOT_CLASS = YES_ERROR;
				CLANG_WARN_UNREACHABLE_CODE = YES;
				CLANG_WARN__DUPLICATE_METHOD_MATCH = YES;
				"CODE_SIGN_IDENTITY[sdk=iphoneos*]" = "iPhone Developer";
				COPY_PHASE_STRIP = NO;
				DEBUG_INFORMATION_FORMAT = "dwarf-with-dsym";
				ENABLE_NS_ASSERTIONS = NO;
				ENABLE_STRICT_OBJC_MSGSEND = YES;
				GCC_C_LANGUAGE_STANDARD = gnu99;
				GCC_NO_COMMON_BLOCKS = YES;
				GCC_WARN_64_TO_32_BIT_CONVERSION = YES;
				GCC_WARN_ABOUT_RETURN_TYPE = YES_ERROR;
				GCC_WARN_UNDECLARED_SELECTOR = YES;
				GCC_WARN_UNINITIALIZED_AUTOS = YES_AGGRESSIVE;
				GCC_WARN_UNUSED_FUNCTION = YES;
				GCC_WARN_UNUSED_VARIABLE = YES;
				IPHONEOS_DEPLOYMENT_TARGET = 9.3;
				MTL_ENABLE_DEBUG_INFO = NO;
				SDKROOT = iphoneos;
				TARGETED_DEVICE_FAMILY = "1,2";
				VALIDATE_PRODUCT = YES;
			};
			name = Release;
		};
		CD0CB8DE1D06FDC400A94919 /* Debug */ = {
			isa = XCBuildConfiguration;
			buildSettings = {
				ASSETCATALOG_COMPILER_APPICON_NAME = AppIcon;
				INFOPLIST_FILE = "照片浏览Demo/Info.plist";
				LD_RUNPATH_SEARCH_PATHS = "$(inherited) @executable_path/Frameworks";
				PRODUCT_BUNDLE_IDENTIFIER = "ZQT.----Demo";
				PRODUCT_NAME = "$(TARGET_NAME)";
			};
			name = Debug;
		};
		CD0CB8DF1D06FDC400A94919 /* Release */ = {
			isa = XCBuildConfiguration;
			buildSettings = {
				ASSETCATALOG_COMPILER_APPICON_NAME = AppIcon;
				INFOPLIST_FILE = "照片浏览Demo/Info.plist";
				LD_RUNPATH_SEARCH_PATHS = "$(inherited) @executable_path/Frameworks";
				PRODUCT_BUNDLE_IDENTIFIER = "ZQT.----Demo";
				PRODUCT_NAME = "$(TARGET_NAME)";
			};
			name = Release;
		};
		CD0CB8E11D06FDC400A94919 /* Debug */ = {
			isa = XCBuildConfiguration;
			buildSettings = {
				BUNDLE_LOADER = "$(TEST_HOST)";
				INFOPLIST_FILE = "照片浏览DemoTests/Info.plist";
				LD_RUNPATH_SEARCH_PATHS = "$(inherited) @executable_path/Frameworks @loader_path/Frameworks";
				PRODUCT_BUNDLE_IDENTIFIER = "ZQT.----DemoTests";
				PRODUCT_NAME = "$(TARGET_NAME)";
				TEST_HOST = "$(BUILT_PRODUCTS_DIR)/照片浏览Demo.app/照片浏览Demo";
			};
			name = Debug;
		};
		CD0CB8E21D06FDC400A94919 /* Release */ = {
			isa = XCBuildConfiguration;
			buildSettings = {
				BUNDLE_LOADER = "$(TEST_HOST)";
				INFOPLIST_FILE = "照片浏览DemoTests/Info.plist";
				LD_RUNPATH_SEARCH_PATHS = "$(inherited) @executable_path/Frameworks @loader_path/Frameworks";
				PRODUCT_BUNDLE_IDENTIFIER = "ZQT.----DemoTests";
				PRODUCT_NAME = "$(TARGET_NAME)";
				TEST_HOST = "$(BUILT_PRODUCTS_DIR)/照片浏览Demo.app/照片浏览Demo";
			};
			name = Release;
		};
		CD0CB8E41D06FDC400A94919 /* Debug */ = {
			isa = XCBuildConfiguration;
			buildSettings = {
				INFOPLIST_FILE = "照片浏览DemoUITests/Info.plist";
				LD_RUNPATH_SEARCH_PATHS = "$(inherited) @executable_path/Frameworks @loader_path/Frameworks";
				PRODUCT_BUNDLE_IDENTIFIER = "ZQT.----DemoUITests";
				PRODUCT_NAME = "$(TARGET_NAME)";
				TEST_TARGET_NAME = "照片浏览Demo";
			};
			name = Debug;
		};
		CD0CB8E51D06FDC400A94919 /* Release */ = {
			isa = XCBuildConfiguration;
			buildSettings = {
				INFOPLIST_FILE = "照片浏览DemoUITests/Info.plist";
				LD_RUNPATH_SEARCH_PATHS = "$(inherited) @executable_path/Frameworks @loader_path/Frameworks";
				PRODUCT_BUNDLE_IDENTIFIER = "ZQT.----DemoUITests";
				PRODUCT_NAME = "$(TARGET_NAME)";
				TEST_TARGET_NAME = "照片浏览Demo";
			};
			name = Release;
		};
/* End XCBuildConfiguration section */

/* Begin XCConfigurationList section */
		CD0CB8AB1D06FDC400A94919 /* Build configuration list for PBXProject "照片浏览Demo" */ = {
			isa = XCConfigurationList;
			buildConfigurations = (
				CD0CB8DB1D06FDC400A94919 /* Debug */,
				CD0CB8DC1D06FDC400A94919 /* Release */,
			);
			defaultConfigurationIsVisible = 0;
			defaultConfigurationName = Release;
		};
		CD0CB8DD1D06FDC400A94919 /* Build configuration list for PBXNativeTarget "照片浏览Demo" */ = {
			isa = XCConfigurationList;
			buildConfigurations = (
				CD0CB8DE1D06FDC400A94919 /* Debug */,
				CD0CB8DF1D06FDC400A94919 /* Release */,
			);
			defaultConfigurationIsVisible = 0;
		};
		CD0CB8E01D06FDC400A94919 /* Build configuration list for PBXNativeTarget "照片浏览DemoTests" */ = {
			isa = XCConfigurationList;
			buildConfigurations = (
				CD0CB8E11D06FDC400A94919 /* Debug */,
				CD0CB8E21D06FDC400A94919 /* Release */,
			);
			defaultConfigurationIsVisible = 0;
		};
		CD0CB8E31D06FDC400A94919 /* Build configuration list for PBXNativeTarget "照片浏览DemoUITests" */ = {
			isa = XCConfigurationList;
			buildConfigurations = (
				CD0CB8E41D06FDC400A94919 /* Debug */,
				CD0CB8E51D06FDC400A94919 /* Release */,
			);
			defaultConfigurationIsVisible = 0;
		};
/* End XCConfigurationList section */
	};
	rootObject = CD0CB8A81D06FDC400A94919 /* Project object */;
}
